
Microsoft Visual Studio Solution File, Format Version 12.00
# Visual Studio Version 16
VisualStudioVersion = 16.0.28729.10
MinimumVisualStudioVersion = 15.0.26124.0
Project("{9A19103F-16F7-4668-BE54-9A1E7A4F7556}") = "WebSPA", "src\WebSPA\WebSPA.csproj", "{0B09E832-5BFE-4E1E-AAFE-FA50D3792891}"
EndProject
Project("{9A19103F-16F7-4668-BE54-9A1E7A4F7556}") = "FlueShared", "src\Libs\FlueShared\FlueShared.csproj", "{1EEE1D1C-69A2-4A69-941A-426232AB109C}"
EndProject
Project("{FAE04EC0-301F-11D3-BF4B-00C04F79EFBC}") = "IdentityService.API", "src\Services\IdentityService\IdentityService.API\IdentityService.API.csproj", "{3123F8A2-CF4A-49CF-B0EB-21A9630A0C4F}"
EndProject
Project("{2150E333-8FDC-42A3-9474-1A3956D46DE8}") = "IdentityService", "IdentityService", "{22F725D8-211D-4F86-91CE-AE2C7C7F9DE5}"
EndProject
Project("{FAE04EC0-301F-11D3-BF4B-00C04F79EFBC}") = "FeedService.API", "src\Services\FeedService\FeedService.API\FeedService.API.csproj", "{9AF1A9E3-8AB3-418D-B692-A57DC1F26F62}"
EndProject
Project("{FAE04EC0-301F-11D3-BF4B-00C04F79EFBC}") = "FeedService.UnitTests", "src\Services\FeedService\FeedService.UnitTests\FeedService.UnitTests.csproj", "{45D52716-41BF-4B68-A372-904FB83545E3}"
EndProject
Project("{2150E333-8FDC-42A3-9474-1A3956D46DE8}") = "FeedService", "FeedService", "{383606C0-21CA-4410-8CAF-FF5F8A85FB50}"
EndProject
Global
	GlobalSection(SolutionConfigurationPlatforms) = preSolution
		Debug|Any CPU = Debug|Any CPU
		Release|Any CPU = Release|Any CPU
	EndGlobalSection
	GlobalSection(ProjectConfigurationPlatforms) = postSolution
		{0B09E832-5BFE-4E1E-AAFE-FA50D3792891}.Debug|Any CPU.ActiveCfg = Debug|Any CPU
		{0B09E832-5BFE-4E1E-AAFE-FA50D3792891}.Debug|Any CPU.Build.0 = Debug|Any CPU
		{0B09E832-5BFE-4E1E-AAFE-FA50D3792891}.Release|Any CPU.ActiveCfg = Release|Any CPU
		{0B09E832-5BFE-4E1E-AAFE-FA50D3792891}.Release|Any CPU.Build.0 = Release|Any CPU
		{1EEE1D1C-69A2-4A69-941A-426232AB109C}.Debug|Any CPU.ActiveCfg = Debug|Any CPU
		{1EEE1D1C-69A2-4A69-941A-426232AB109C}.Debug|Any CPU.Build.0 = Debug|Any CPU
		{1EEE1D1C-69A2-4A69-941A-426232AB109C}.Release|Any CPU.ActiveCfg = Release|Any CPU
		{1EEE1D1C-69A2-4A69-941A-426232AB109C}.Release|Any CPU.Build.0 = Release|Any CPU
		{3123F8A2-CF4A-49CF-B0EB-21A9630A0C4F}.Debug|Any CPU.ActiveCfg = Debug|Any CPU
		{3123F8A2-CF4A-49CF-B0EB-21A9630A0C4F}.Debug|Any CPU.Build.0 = Debug|Any CPU
		{3123F8A2-CF4A-49CF-B0EB-21A9630A0C4F}.Release|Any CPU.ActiveCfg = Release|Any CPU
		{3123F8A2-CF4A-49CF-B0EB-21A9630A0C4F}.Release|Any CPU.Build.0 = Release|Any CPU
		{9AF1A9E3-8AB3-418D-B692-A57DC1F26F62}.Debug|Any CPU.ActiveCfg = Debug|Any CPU
		{9AF1A9E3-8AB3-418D-B692-A57DC1F26F62}.Debug|Any CPU.Build.0 = Debug|Any CPU
		{9AF1A9E3-8AB3-418D-B692-A57DC1F26F62}.Release|Any CPU.ActiveCfg = Release|Any CPU
		{9AF1A9E3-8AB3-418D-B692-A57DC1F26F62}.Release|Any CPU.Build.0 = Release|Any CPU
		{45D52716-41BF-4B68-A372-904FB83545E3}.Debug|Any CPU.ActiveCfg = Debug|Any CPU
		{45D52716-41BF-4B68-A372-904FB83545E3}.Debug|Any CPU.Build.0 = Debug|Any CPU
		{45D52716-41BF-4B68-A372-904FB83545E3}.Release|Any CPU.ActiveCfg = Release|Any CPU
		{45D52716-41BF-4B68-A372-904FB83545E3}.Release|Any CPU.Build.0 = Release|Any CPU
	EndGlobalSection
	GlobalSection(SolutionProperties) = preSolution
		HideSolutionNode = FALSE
	EndGlobalSection
	GlobalSection(ExtensibilityGlobals) = postSolution
		SolutionGuid = {4E25E752-0E22-475A-B8A4-3FF5DC10F0DB}
	EndGlobalSection
	GlobalSection(NestedProjects) = preSolution
		{3123F8A2-CF4A-49CF-B0EB-21A9630A0C4F} = {22F725D8-211D-4F86-91CE-AE2C7C7F9DE5}
		{9AF1A9E3-8AB3-418D-B692-A57DC1F26F62} = {383606C0-21CA-4410-8CAF-FF5F8A85FB50}
		{45D52716-41BF-4B68-A372-904FB83545E3} = {383606C0-21CA-4410-8CAF-FF5F8A85FB50}
	EndGlobalSection
EndGlobal
