
Microsoft Visual Studio Solution File, Format Version 12.00
# Visual Studio Version 16
VisualStudioVersion = 16.0.28729.10
MinimumVisualStudioVersion = 15.0.26124.0
Project("{9A19103F-16F7-4668-BE54-9A1E7A4F7556}") = "FeedService", "src\Services\FeedService\FeedService.csproj", "{AD0EF9C4-95ED-4B19-BC68-1DB0D550DF6D}"
EndProject
Project("{9A19103F-16F7-4668-BE54-9A1E7A4F7556}") = "WebSPA", "src\WebSPA\WebSPA.csproj", "{0B09E832-5BFE-4E1E-AAFE-FA50D3792891}"
EndProject
Project("{9A19103F-16F7-4668-BE54-9A1E7A4F7556}") = "IdentityService", "src\Services\IdentityService\IdentityService.csproj", "{DA1B76DF-AF8A-4123-B5DD-C22D8B3530C1}"
EndProject
Project("{9A19103F-16F7-4668-BE54-9A1E7A4F7556}") = "FlueShared", "src\Libs\FlueShared\FlueShared.csproj", "{1EEE1D1C-69A2-4A69-941A-426232AB109C}"
EndProject
Global
	GlobalSection(SolutionConfigurationPlatforms) = preSolution
		Debug|Any CPU = Debug|Any CPU
		Release|Any CPU = Release|Any CPU
	EndGlobalSection
	GlobalSection(ProjectConfigurationPlatforms) = postSolution
		{AD0EF9C4-95ED-4B19-BC68-1DB0D550DF6D}.Debug|Any CPU.ActiveCfg = Debug|Any CPU
		{AD0EF9C4-95ED-4B19-BC68-1DB0D550DF6D}.Debug|Any CPU.Build.0 = Debug|Any CPU
		{AD0EF9C4-95ED-4B19-BC68-1DB0D550DF6D}.Release|Any CPU.ActiveCfg = Release|Any CPU
		{AD0EF9C4-95ED-4B19-BC68-1DB0D550DF6D}.Release|Any CPU.Build.0 = Release|Any CPU
		{0B09E832-5BFE-4E1E-AAFE-FA50D3792891}.Debug|Any CPU.ActiveCfg = Debug|Any CPU
		{0B09E832-5BFE-4E1E-AAFE-FA50D3792891}.Debug|Any CPU.Build.0 = Debug|Any CPU
		{0B09E832-5BFE-4E1E-AAFE-FA50D3792891}.Release|Any CPU.ActiveCfg = Release|Any CPU
		{0B09E832-5BFE-4E1E-AAFE-FA50D3792891}.Release|Any CPU.Build.0 = Release|Any CPU
		{DA1B76DF-AF8A-4123-B5DD-C22D8B3530C1}.Debug|Any CPU.ActiveCfg = Debug|Any CPU
		{DA1B76DF-AF8A-4123-B5DD-C22D8B3530C1}.Debug|Any CPU.Build.0 = Debug|Any CPU
		{DA1B76DF-AF8A-4123-B5DD-C22D8B3530C1}.Release|Any CPU.ActiveCfg = Release|Any CPU
		{DA1B76DF-AF8A-4123-B5DD-C22D8B3530C1}.Release|Any CPU.Build.0 = Release|Any CPU
		{1EEE1D1C-69A2-4A69-941A-426232AB109C}.Debug|Any CPU.ActiveCfg = Debug|Any CPU
		{1EEE1D1C-69A2-4A69-941A-426232AB109C}.Debug|Any CPU.Build.0 = Debug|Any CPU
		{1EEE1D1C-69A2-4A69-941A-426232AB109C}.Release|Any CPU.ActiveCfg = Release|Any CPU
		{1EEE1D1C-69A2-4A69-941A-426232AB109C}.Release|Any CPU.Build.0 = Release|Any CPU
	EndGlobalSection
	GlobalSection(SolutionProperties) = preSolution
		HideSolutionNode = FALSE
	EndGlobalSection
	GlobalSection(ExtensibilityGlobals) = postSolution
		SolutionGuid = {4E25E752-0E22-475A-B8A4-3FF5DC10F0DB}
	EndGlobalSection
EndGlobal
